
Microsoft Visual Studio Solution File, Format Version 12.00
# Visual Studio Version 16
VisualStudioVersion = 16.0.30128.74
MinimumVisualStudioVersion = 10.0.40219.1
Project("{FAE04EC0-301F-11D3-BF4B-00C04F79EFBC}") = "DebugConsole", "DebugConsole\DebugConsole.csproj", "{C9B37C2D-1F21-4DDD-BB35-FAE1B21ADBA1}"
EndProject
Project("{FAE04EC0-301F-11D3-BF4B-00C04F79EFBC}") = "DebugConsole.TestApp", "DebugConsole.TestApp\DebugConsole.TestApp.csproj", "{C9EDFC07-CA60-4BD2-9BE7-83B3D4445628}"
EndProject
Project("{FAE04EC0-301F-11D3-BF4B-00C04F79EFBC}") = "DebugConsole.Implementations.Console", "DebugConsole.Implementations.Console\DebugConsole.Implementations.Console.csproj", "{B2D03731-1B64-416C-B0C1-13F668ADB920}"
EndProject
Project("{2150E333-8FDC-42A3-9474-1A3956D46DE8}") = "DebugConsole.Implementations", "DebugConsole.Implementations", "{DFCC6028-B1C5-4056-B1FC-282B8FD1A65A}"
EndProject
Project("{FAE04EC0-301F-11D3-BF4B-00C04F79EFBC}") = "DebugConsole.Implementations.Misc", "DebugConsole.Implementations.Misc\DebugConsole.Implementations.Misc.csproj", "{2AEAA799-7DD2-4C96-BD3E-E32DDFB75E48}"
EndProject
Global
	GlobalSection(SolutionConfigurationPlatforms) = preSolution
		Debug|Any CPU = Debug|Any CPU
		Release|Any CPU = Release|Any CPU
	EndGlobalSection
	GlobalSection(ProjectConfigurationPlatforms) = postSolution
		{C9B37C2D-1F21-4DDD-BB35-FAE1B21ADBA1}.Debug|Any CPU.ActiveCfg = Debug|Any CPU
		{C9B37C2D-1F21-4DDD-BB35-FAE1B21ADBA1}.Debug|Any CPU.Build.0 = Debug|Any CPU
		{C9B37C2D-1F21-4DDD-BB35-FAE1B21ADBA1}.Release|Any CPU.ActiveCfg = Release|Any CPU
		{C9B37C2D-1F21-4DDD-BB35-FAE1B21ADBA1}.Release|Any CPU.Build.0 = Release|Any CPU
		{C9EDFC07-CA60-4BD2-9BE7-83B3D4445628}.Debug|Any CPU.ActiveCfg = Debug|Any CPU
		{C9EDFC07-CA60-4BD2-9BE7-83B3D4445628}.Debug|Any CPU.Build.0 = Debug|Any CPU
		{C9EDFC07-CA60-4BD2-9BE7-83B3D4445628}.Release|Any CPU.ActiveCfg = Release|Any CPU
		{C9EDFC07-CA60-4BD2-9BE7-83B3D4445628}.Release|Any CPU.Build.0 = Release|Any CPU
		{B2D03731-1B64-416C-B0C1-13F668ADB920}.Debug|Any CPU.ActiveCfg = Debug|Any CPU
		{B2D03731-1B64-416C-B0C1-13F668ADB920}.Debug|Any CPU.Build.0 = Debug|Any CPU
		{B2D03731-1B64-416C-B0C1-13F668ADB920}.Release|Any CPU.ActiveCfg = Release|Any CPU
		{B2D03731-1B64-416C-B0C1-13F668ADB920}.Release|Any CPU.Build.0 = Release|Any CPU
		{2AEAA799-7DD2-4C96-BD3E-E32DDFB75E48}.Debug|Any CPU.ActiveCfg = Debug|Any CPU
		{2AEAA799-7DD2-4C96-BD3E-E32DDFB75E48}.Debug|Any CPU.Build.0 = Debug|Any CPU
		{2AEAA799-7DD2-4C96-BD3E-E32DDFB75E48}.Release|Any CPU.ActiveCfg = Release|Any CPU
		{2AEAA799-7DD2-4C96-BD3E-E32DDFB75E48}.Release|Any CPU.Build.0 = Release|Any CPU
	EndGlobalSection
	GlobalSection(SolutionProperties) = preSolution
		HideSolutionNode = FALSE
	EndGlobalSection
	GlobalSection(NestedProjects) = preSolution
		{B2D03731-1B64-416C-B0C1-13F668ADB920} = {DFCC6028-B1C5-4056-B1FC-282B8FD1A65A}
		{2AEAA799-7DD2-4C96-BD3E-E32DDFB75E48} = {DFCC6028-B1C5-4056-B1FC-282B8FD1A65A}
	EndGlobalSection
	GlobalSection(ExtensibilityGlobals) = postSolution
		SolutionGuid = {FD399166-6641-4620-B814-69DF3FEB7E1E}
	EndGlobalSection
EndGlobal
